
Microsoft Visual Studio Solution File, Format Version 12.00
# Visual Studio Version 17
VisualStudioVersion = 17.8.34322.80
MinimumVisualStudioVersion = 10.0.40219.1
Project("{FAE04EC0-301F-11D3-BF4B-00C04F79EFBC}") = "easyShipBackend", "easyShipBackend\easyShipBackend.csproj", "{3D70810E-A646-4690-BBD9-F032916F29D4}"
EndProject
Global
	GlobalSection(SolutionConfigurationPlatforms) = preSolution
		Debug|Any CPU = Debug|Any CPU
		Release|Any CPU = Release|Any CPU
	EndGlobalSection
	GlobalSection(ProjectConfigurationPlatforms) = postSolution
		{3D70810E-A646-4690-BBD9-F032916F29D4}.Debug|Any CPU.ActiveCfg = Debug|Any CPU
		{3D70810E-A646-4690-BBD9-F032916F29D4}.Debug|Any CPU.Build.0 = Debug|Any CPU
		{3D70810E-A646-4690-BBD9-F032916F29D4}.Release|Any CPU.ActiveCfg = Release|Any CPU
		{3D70810E-A646-4690-BBD9-F032916F29D4}.Release|Any CPU.Build.0 = Release|Any CPU
	EndGlobalSection
	GlobalSection(SolutionProperties) = preSolution
		HideSolutionNode = FALSE
	EndGlobalSection
	GlobalSection(ExtensibilityGlobals) = postSolution
		SolutionGuid = {BA20A731-E297-4614-B619-1691D4C1E77F}
	EndGlobalSection
EndGlobal
